
Microsoft Visual Studio Solution File, Format Version 12.00
# Visual Studio Version 16
VisualStudioVersion = 16.0.30011.22
MinimumVisualStudioVersion = 10.0.40219.1
Project("{9A19103F-16F7-4668-BE54-9A1E7A4F7556}") = "ConnectingApps.DncWireMockDemo", "ConnectingApps.DncWireMockDemo\ConnectingApps.DncWireMockDemo.csproj", "{4CA4403E-073A-45AE-9611-2F26C2AB3D04}"
EndProject
Project("{9A19103F-16F7-4668-BE54-9A1E7A4F7556}") = "ConnectingApps.DncWireMockDemo.IntegrationTests", "ConnectingApps.DncWireMockDemo.IntegrationTests\ConnectingApps.DncWireMockDemo.IntegrationTests.csproj", "{0BAA6F95-5DF0-4281-8F3F-0CE3A9DCC415}"
EndProject
Project("{9A19103F-16F7-4668-BE54-9A1E7A4F7556}") = "ConnectingApps.IntegrationFixture", "ConnectingApps.IntegrationFixture\ConnectingApps.IntegrationFixture.csproj", "{C0B9C109-93AE-4DBE-A0D7-C16F445638A2}"
EndProject
Project("{9A19103F-16F7-4668-BE54-9A1E7A4F7556}") = "ConnectingApps.IntegrationFixtureTests", "ConnectingApps.IntegrationFixtureTests\ConnectingApps.IntegrationFixtureTests.csproj", "{12B684C1-6A23-40CC-BADE-D3AB04116FCA}"
EndProject
Project("{9A19103F-16F7-4668-BE54-9A1E7A4F7556}") = "ConnectingApps.AutoFixtureTests", "ConnectingApps.AutoFixtureTests\ConnectingApps.AutoFixtureTests.csproj", "{4EF454A0-BE61-4B31-9C5C-BC5ADBCB0EDF}"
EndProject
Project("{9A19103F-16F7-4668-BE54-9A1E7A4F7556}") = "ConnectingApps.IntegrationFixtureTests.Nuget", "ConnectingApps.IntegrationFixtureTests.Nuget\ConnectingApps.IntegrationFixtureTests.Nuget.csproj", "{6E8359E6-47D4-445B-92BE-30E55ACEA636}"
EndProject
Project("{2150E333-8FDC-42A3-9474-1A3956D46DE8}") = "21", "21", "{923A3684-F29C-4F20-9301-2A297DDB2214}"
EndProject
Project("{9A19103F-16F7-4668-BE54-9A1E7A4F7556}") = "Dnc21Demo", "21\Dnc21Demo\Dnc21Demo.csproj", "{42AEA555-0668-4163-9BEC-640537C88880}"
EndProject
Project("{9A19103F-16F7-4668-BE54-9A1E7A4F7556}") = "ConnectingApps.IntegrationFixture21", "21\ConnectingApps.IntegrationFixture21\ConnectingApps.IntegrationFixture21.csproj", "{673B90DB-AA58-49C6-BFB2-69D94506B137}"
EndProject
Project("{D954291E-2A0B-460D-934E-DC6B0785DB48}") = "ConnectingApps.IntegrationFixture.Shared", "ConnectingApps.IntegrationFixture.Shared\ConnectingApps.IntegrationFixture.Shared.shproj", "{6AC057C2-A640-4E3A-B3C4-82C0D6C60D2F}"
EndProject
Project("{9A19103F-16F7-4668-BE54-9A1E7A4F7556}") = "ConnectingApps.IntegrationFixtureTests21.NuGet", "21\ConnectingApps.IntegrationFixtureTests21.NuGet\ConnectingApps.IntegrationFixtureTests21.NuGet.csproj", "{9AC92AE7-859B-406F-8FBC-F0FB877E9607}"
EndProject
Project("{9A19103F-16F7-4668-BE54-9A1E7A4F7556}") = "ConnectingApps.IntegrationFixtureTests21", "21\ConnectingApps.IntegrationFixtureTests21\ConnectingApps.IntegrationFixtureTests21.csproj", "{D350E378-B4F2-45BE-B801-D37854E496F5}"
EndProject
Project("{9A19103F-16F7-4668-BE54-9A1E7A4F7556}") = "ConnectingApps.GraphQlDemo", "ConnectingApps.GraphQlDemo\ConnectingApps.GraphQlDemo.csproj", "{0E89BDEF-B043-4694-8043-57796A68057B}"
EndProject
Project("{9A19103F-16F7-4668-BE54-9A1E7A4F7556}") = "ConnectingApps.GraphQlDemo.IntegrationTests", "ConnectingApps.GraphQlDemo.IntegrationTests\ConnectingApps.GraphQlDemo.IntegrationTests.csproj", "{28866339-FE4B-4664-97FE-AE493F7C9C19}"
EndProject
Project("{9A19103F-16F7-4668-BE54-9A1E7A4F7556}") = "ConnectingApps.GraphQlDemo.IntegrationTests.NuGet", "ConnectingApps.GraphQlDemo.IntegrationTests.NuGet\ConnectingApps.GraphQlDemo.IntegrationTests.NuGet.csproj", "{DFB5B28F-0A69-44CE-AEFA-41644FFABDDF}"
EndProject
Project("{9A19103F-16F7-4668-BE54-9A1E7A4F7556}") = "templatePack", "templatePack\templatePack.csproj", "{C0132D9C-2AF2-4BB1-A95A-DAFE0EA48B55}"
EndProject
Project("{2150E333-8FDC-42A3-9474-1A3956D46DE8}") = "templates", "templates", "{367A1C12-F7FA-4301-B59E-B73EABEA9435}"
EndProject
Project("{9A19103F-16F7-4668-BE54-9A1E7A4F7556}") = "ConnectingApps.Templates.IntegrationFixture31", "templatePack\templates\ConnectingApps.Templates.IntegrationFixture31\ConnectingApps.Templates.IntegrationFixture31.csproj", "{4DC8A93C-2254-4720-AC09-748F8CA970D8}"
EndProject
Project("{9A19103F-16F7-4668-BE54-9A1E7A4F7556}") = "ConnectingApps.Templates.IntegrationFixture21", "templatePack\templates\ConnectingApps.Templates.IntegrationFixture21\ConnectingApps.Templates.IntegrationFixture21.csproj", "{E4C39472-A14D-428D-94CE-83EF0745CFB0}"
EndProject
Project("{2150E333-8FDC-42A3-9474-1A3956D46DE8}") = "50", "50", "{7B2DF2E3-289A-4538-B8BC-5D8D74E794D1}"
EndProject
Project("{9A19103F-16F7-4668-BE54-9A1E7A4F7556}") = "ConnectingApps.Dnc50Demo", "50\ConnectingApps.Dnc50Demo\ConnectingApps.Dnc50Demo.csproj", "{7D1C81FC-A507-4706-8725-19CE41602468}"
EndProject
Project("{9A19103F-16F7-4668-BE54-9A1E7A4F7556}") = "ConnectingApps.IntegrationFixtureTests50", "50\ConnectingApps.IntegrationFixtureTests50\ConnectingApps.IntegrationFixtureTests50.csproj", "{C596A4A0-0153-498D-AEB1-4376B82D1CEC}"
EndProject
Project("{9A19103F-16F7-4668-BE54-9A1E7A4F7556}") = "ConnectingApps.IntegrationFixture50", "50\ConnectingApps.IntegrationFixture50\ConnectingApps.IntegrationFixture50.csproj", "{D63D4877-6519-4306-9393-F72EC5B73A03}"
EndProject
Project("{9A19103F-16F7-4668-BE54-9A1E7A4F7556}") = "ConnectingApps.IntegrationFixture50Tests.NuGet", "50\ConnectingApps.IntegrationFixture50Tests.NuGet\ConnectingApps.IntegrationFixture50Tests.NuGet.csproj", "{A1D7C150-2ABD-4E99-AD37-E48F1071CE5D}"
EndProject
Project("{9A19103F-16F7-4668-BE54-9A1E7A4F7556}") = "ConnectingApps.Templates.IntegrationFixture50", "templatePack\templates\ConnectingApps.Templates.IntegrationFixture50\ConnectingApps.Templates.IntegrationFixture50.csproj", "{814384AF-A807-4DD4-9550-CC84FAA87499}"
EndProject
Project("{2150E333-8FDC-42A3-9474-1A3956D46DE8}") = "60", "60", "{45A99973-6727-41A6-90C5-C84CE2DD1452}"
EndProject
Project("{9A19103F-16F7-4668-BE54-9A1E7A4F7556}") = "ConnectingApps.Dnc60Demo", "60\ConnectingApps.Dnc60Demo\ConnectingApps.Dnc60Demo.csproj", "{59AA2499-2621-478C-8171-3EF417759CC8}"
EndProject
Project("{9A19103F-16F7-4668-BE54-9A1E7A4F7556}") = "ConnectingApps.IntegrationFixture60", "60\ConnectingApps.IntegrationFixture60\ConnectingApps.IntegrationFixture60.csproj", "{28A64093-FD35-47F6-A83C-FA47FC1AB1D8}"
EndProject
Global
	GlobalSection(SharedMSBuildProjectFiles) = preSolution
		ConnectingApps.IntegrationFixture.Shared\ConnectingApps.IntegrationFixture.Shared.projitems*{28a64093-fd35-47f6-a83c-fa47fc1ab1d8}*SharedItemsImports = 5
		ConnectingApps.IntegrationFixture.Shared\ConnectingApps.IntegrationFixture.Shared.projitems*{673b90db-aa58-49c6-bfb2-69d94506b137}*SharedItemsImports = 5
		ConnectingApps.IntegrationFixture.Shared\ConnectingApps.IntegrationFixture.Shared.projitems*{6ac057c2-a640-4e3a-b3c4-82c0d6c60d2f}*SharedItemsImports = 13
		ConnectingApps.IntegrationFixture.Shared\ConnectingApps.IntegrationFixture.Shared.projitems*{c0b9c109-93ae-4dbe-a0d7-c16f445638a2}*SharedItemsImports = 5
		ConnectingApps.IntegrationFixture.Shared\ConnectingApps.IntegrationFixture.Shared.projitems*{d63d4877-6519-4306-9393-f72ec5b73a03}*SharedItemsImports = 5
	EndGlobalSection
	GlobalSection(SolutionConfigurationPlatforms) = preSolution
		Debug|Any CPU = Debug|Any CPU
		Release|Any CPU = Release|Any CPU
	EndGlobalSection
	GlobalSection(ProjectConfigurationPlatforms) = postSolution
		{4CA4403E-073A-45AE-9611-2F26C2AB3D04}.Debug|Any CPU.ActiveCfg = Debug|Any CPU
		{4CA4403E-073A-45AE-9611-2F26C2AB3D04}.Debug|Any CPU.Build.0 = Debug|Any CPU
		{4CA4403E-073A-45AE-9611-2F26C2AB3D04}.Release|Any CPU.ActiveCfg = Release|Any CPU
		{4CA4403E-073A-45AE-9611-2F26C2AB3D04}.Release|Any CPU.Build.0 = Release|Any CPU
		{0BAA6F95-5DF0-4281-8F3F-0CE3A9DCC415}.Debug|Any CPU.ActiveCfg = Debug|Any CPU
		{0BAA6F95-5DF0-4281-8F3F-0CE3A9DCC415}.Debug|Any CPU.Build.0 = Debug|Any CPU
		{0BAA6F95-5DF0-4281-8F3F-0CE3A9DCC415}.Release|Any CPU.ActiveCfg = Release|Any CPU
		{0BAA6F95-5DF0-4281-8F3F-0CE3A9DCC415}.Release|Any CPU.Build.0 = Release|Any CPU
		{C0B9C109-93AE-4DBE-A0D7-C16F445638A2}.Debug|Any CPU.ActiveCfg = Debug|Any CPU
		{C0B9C109-93AE-4DBE-A0D7-C16F445638A2}.Debug|Any CPU.Build.0 = Debug|Any CPU
		{C0B9C109-93AE-4DBE-A0D7-C16F445638A2}.Release|Any CPU.ActiveCfg = Release|Any CPU
		{C0B9C109-93AE-4DBE-A0D7-C16F445638A2}.Release|Any CPU.Build.0 = Release|Any CPU
		{12B684C1-6A23-40CC-BADE-D3AB04116FCA}.Debug|Any CPU.ActiveCfg = Debug|Any CPU
		{12B684C1-6A23-40CC-BADE-D3AB04116FCA}.Debug|Any CPU.Build.0 = Debug|Any CPU
		{12B684C1-6A23-40CC-BADE-D3AB04116FCA}.Release|Any CPU.ActiveCfg = Release|Any CPU
		{12B684C1-6A23-40CC-BADE-D3AB04116FCA}.Release|Any CPU.Build.0 = Release|Any CPU
		{4EF454A0-BE61-4B31-9C5C-BC5ADBCB0EDF}.Debug|Any CPU.ActiveCfg = Debug|Any CPU
		{4EF454A0-BE61-4B31-9C5C-BC5ADBCB0EDF}.Debug|Any CPU.Build.0 = Debug|Any CPU
		{4EF454A0-BE61-4B31-9C5C-BC5ADBCB0EDF}.Release|Any CPU.ActiveCfg = Release|Any CPU
		{4EF454A0-BE61-4B31-9C5C-BC5ADBCB0EDF}.Release|Any CPU.Build.0 = Release|Any CPU
		{6E8359E6-47D4-445B-92BE-30E55ACEA636}.Debug|Any CPU.ActiveCfg = Debug|Any CPU
		{6E8359E6-47D4-445B-92BE-30E55ACEA636}.Debug|Any CPU.Build.0 = Debug|Any CPU
		{6E8359E6-47D4-445B-92BE-30E55ACEA636}.Release|Any CPU.ActiveCfg = Release|Any CPU
		{6E8359E6-47D4-445B-92BE-30E55ACEA636}.Release|Any CPU.Build.0 = Release|Any CPU
		{42AEA555-0668-4163-9BEC-640537C88880}.Debug|Any CPU.ActiveCfg = Debug|Any CPU
		{42AEA555-0668-4163-9BEC-640537C88880}.Debug|Any CPU.Build.0 = Debug|Any CPU
		{42AEA555-0668-4163-9BEC-640537C88880}.Release|Any CPU.ActiveCfg = Release|Any CPU
		{42AEA555-0668-4163-9BEC-640537C88880}.Release|Any CPU.Build.0 = Release|Any CPU
		{673B90DB-AA58-49C6-BFB2-69D94506B137}.Debug|Any CPU.ActiveCfg = Debug|Any CPU
		{673B90DB-AA58-49C6-BFB2-69D94506B137}.Debug|Any CPU.Build.0 = Debug|Any CPU
		{673B90DB-AA58-49C6-BFB2-69D94506B137}.Release|Any CPU.ActiveCfg = Release|Any CPU
		{673B90DB-AA58-49C6-BFB2-69D94506B137}.Release|Any CPU.Build.0 = Release|Any CPU
		{9AC92AE7-859B-406F-8FBC-F0FB877E9607}.Debug|Any CPU.ActiveCfg = Debug|Any CPU
		{9AC92AE7-859B-406F-8FBC-F0FB877E9607}.Debug|Any CPU.Build.0 = Debug|Any CPU
		{9AC92AE7-859B-406F-8FBC-F0FB877E9607}.Release|Any CPU.ActiveCfg = Release|Any CPU
		{9AC92AE7-859B-406F-8FBC-F0FB877E9607}.Release|Any CPU.Build.0 = Release|Any CPU
		{D350E378-B4F2-45BE-B801-D37854E496F5}.Debug|Any CPU.ActiveCfg = Debug|Any CPU
		{D350E378-B4F2-45BE-B801-D37854E496F5}.Debug|Any CPU.Build.0 = Debug|Any CPU
		{D350E378-B4F2-45BE-B801-D37854E496F5}.Release|Any CPU.ActiveCfg = Release|Any CPU
		{D350E378-B4F2-45BE-B801-D37854E496F5}.Release|Any CPU.Build.0 = Release|Any CPU
		{0E89BDEF-B043-4694-8043-57796A68057B}.Debug|Any CPU.ActiveCfg = Debug|Any CPU
		{0E89BDEF-B043-4694-8043-57796A68057B}.Debug|Any CPU.Build.0 = Debug|Any CPU
		{0E89BDEF-B043-4694-8043-57796A68057B}.Release|Any CPU.ActiveCfg = Release|Any CPU
		{0E89BDEF-B043-4694-8043-57796A68057B}.Release|Any CPU.Build.0 = Release|Any CPU
		{28866339-FE4B-4664-97FE-AE493F7C9C19}.Debug|Any CPU.ActiveCfg = Debug|Any CPU
		{28866339-FE4B-4664-97FE-AE493F7C9C19}.Debug|Any CPU.Build.0 = Debug|Any CPU
		{28866339-FE4B-4664-97FE-AE493F7C9C19}.Release|Any CPU.ActiveCfg = Release|Any CPU
		{28866339-FE4B-4664-97FE-AE493F7C9C19}.Release|Any CPU.Build.0 = Release|Any CPU
		{DFB5B28F-0A69-44CE-AEFA-41644FFABDDF}.Debug|Any CPU.ActiveCfg = Debug|Any CPU
		{DFB5B28F-0A69-44CE-AEFA-41644FFABDDF}.Debug|Any CPU.Build.0 = Debug|Any CPU
		{DFB5B28F-0A69-44CE-AEFA-41644FFABDDF}.Release|Any CPU.ActiveCfg = Release|Any CPU
		{DFB5B28F-0A69-44CE-AEFA-41644FFABDDF}.Release|Any CPU.Build.0 = Release|Any CPU
		{C0132D9C-2AF2-4BB1-A95A-DAFE0EA48B55}.Debug|Any CPU.ActiveCfg = Debug|Any CPU
		{C0132D9C-2AF2-4BB1-A95A-DAFE0EA48B55}.Debug|Any CPU.Build.0 = Debug|Any CPU
		{C0132D9C-2AF2-4BB1-A95A-DAFE0EA48B55}.Release|Any CPU.ActiveCfg = Release|Any CPU
		{C0132D9C-2AF2-4BB1-A95A-DAFE0EA48B55}.Release|Any CPU.Build.0 = Release|Any CPU
		{4DC8A93C-2254-4720-AC09-748F8CA970D8}.Debug|Any CPU.ActiveCfg = Debug|Any CPU
		{4DC8A93C-2254-4720-AC09-748F8CA970D8}.Debug|Any CPU.Build.0 = Debug|Any CPU
		{4DC8A93C-2254-4720-AC09-748F8CA970D8}.Release|Any CPU.ActiveCfg = Release|Any CPU
		{4DC8A93C-2254-4720-AC09-748F8CA970D8}.Release|Any CPU.Build.0 = Release|Any CPU
		{E4C39472-A14D-428D-94CE-83EF0745CFB0}.Debug|Any CPU.ActiveCfg = Debug|Any CPU
		{E4C39472-A14D-428D-94CE-83EF0745CFB0}.Debug|Any CPU.Build.0 = Debug|Any CPU
		{E4C39472-A14D-428D-94CE-83EF0745CFB0}.Release|Any CPU.ActiveCfg = Release|Any CPU
		{E4C39472-A14D-428D-94CE-83EF0745CFB0}.Release|Any CPU.Build.0 = Release|Any CPU
		{7D1C81FC-A507-4706-8725-19CE41602468}.Debug|Any CPU.ActiveCfg = Debug|Any CPU
		{7D1C81FC-A507-4706-8725-19CE41602468}.Debug|Any CPU.Build.0 = Debug|Any CPU
		{7D1C81FC-A507-4706-8725-19CE41602468}.Release|Any CPU.ActiveCfg = Release|Any CPU
		{7D1C81FC-A507-4706-8725-19CE41602468}.Release|Any CPU.Build.0 = Release|Any CPU
		{C596A4A0-0153-498D-AEB1-4376B82D1CEC}.Debug|Any CPU.ActiveCfg = Debug|Any CPU
		{C596A4A0-0153-498D-AEB1-4376B82D1CEC}.Debug|Any CPU.Build.0 = Debug|Any CPU
		{C596A4A0-0153-498D-AEB1-4376B82D1CEC}.Release|Any CPU.ActiveCfg = Release|Any CPU
		{C596A4A0-0153-498D-AEB1-4376B82D1CEC}.Release|Any CPU.Build.0 = Release|Any CPU
		{D63D4877-6519-4306-9393-F72EC5B73A03}.Debug|Any CPU.ActiveCfg = Debug|Any CPU
		{D63D4877-6519-4306-9393-F72EC5B73A03}.Debug|Any CPU.Build.0 = Debug|Any CPU
		{D63D4877-6519-4306-9393-F72EC5B73A03}.Release|Any CPU.ActiveCfg = Release|Any CPU
		{D63D4877-6519-4306-9393-F72EC5B73A03}.Release|Any CPU.Build.0 = Release|Any CPU
		{A1D7C150-2ABD-4E99-AD37-E48F1071CE5D}.Debug|Any CPU.ActiveCfg = Debug|Any CPU
		{A1D7C150-2ABD-4E99-AD37-E48F1071CE5D}.Debug|Any CPU.Build.0 = Debug|Any CPU
		{A1D7C150-2ABD-4E99-AD37-E48F1071CE5D}.Release|Any CPU.ActiveCfg = Release|Any CPU
		{A1D7C150-2ABD-4E99-AD37-E48F1071CE5D}.Release|Any CPU.Build.0 = Release|Any CPU
		{814384AF-A807-4DD4-9550-CC84FAA87499}.Debug|Any CPU.ActiveCfg = Debug|Any CPU
		{814384AF-A807-4DD4-9550-CC84FAA87499}.Debug|Any CPU.Build.0 = Debug|Any CPU
		{814384AF-A807-4DD4-9550-CC84FAA87499}.Release|Any CPU.ActiveCfg = Release|Any CPU
		{814384AF-A807-4DD4-9550-CC84FAA87499}.Release|Any CPU.Build.0 = Release|Any CPU
		{59AA2499-2621-478C-8171-3EF417759CC8}.Debug|Any CPU.ActiveCfg = Debug|Any CPU
		{59AA2499-2621-478C-8171-3EF417759CC8}.Debug|Any CPU.Build.0 = Debug|Any CPU
		{59AA2499-2621-478C-8171-3EF417759CC8}.Release|Any CPU.ActiveCfg = Release|Any CPU
		{59AA2499-2621-478C-8171-3EF417759CC8}.Release|Any CPU.Build.0 = Release|Any CPU
		{28A64093-FD35-47F6-A83C-FA47FC1AB1D8}.Debug|Any CPU.ActiveCfg = Debug|Any CPU
		{28A64093-FD35-47F6-A83C-FA47FC1AB1D8}.Debug|Any CPU.Build.0 = Debug|Any CPU
		{28A64093-FD35-47F6-A83C-FA47FC1AB1D8}.Release|Any CPU.ActiveCfg = Release|Any CPU
		{28A64093-FD35-47F6-A83C-FA47FC1AB1D8}.Release|Any CPU.Build.0 = Release|Any CPU
	EndGlobalSection
	GlobalSection(SolutionProperties) = preSolution
		HideSolutionNode = FALSE
	EndGlobalSection
	GlobalSection(NestedProjects) = preSolution
		{42AEA555-0668-4163-9BEC-640537C88880} = {923A3684-F29C-4F20-9301-2A297DDB2214}
		{673B90DB-AA58-49C6-BFB2-69D94506B137} = {923A3684-F29C-4F20-9301-2A297DDB2214}
		{9AC92AE7-859B-406F-8FBC-F0FB877E9607} = {923A3684-F29C-4F20-9301-2A297DDB2214}
		{D350E378-B4F2-45BE-B801-D37854E496F5} = {923A3684-F29C-4F20-9301-2A297DDB2214}
		{4DC8A93C-2254-4720-AC09-748F8CA970D8} = {367A1C12-F7FA-4301-B59E-B73EABEA9435}
		{E4C39472-A14D-428D-94CE-83EF0745CFB0} = {367A1C12-F7FA-4301-B59E-B73EABEA9435}
		{7D1C81FC-A507-4706-8725-19CE41602468} = {7B2DF2E3-289A-4538-B8BC-5D8D74E794D1}
		{C596A4A0-0153-498D-AEB1-4376B82D1CEC} = {7B2DF2E3-289A-4538-B8BC-5D8D74E794D1}
		{D63D4877-6519-4306-9393-F72EC5B73A03} = {7B2DF2E3-289A-4538-B8BC-5D8D74E794D1}
		{A1D7C150-2ABD-4E99-AD37-E48F1071CE5D} = {7B2DF2E3-289A-4538-B8BC-5D8D74E794D1}
		{814384AF-A807-4DD4-9550-CC84FAA87499} = {367A1C12-F7FA-4301-B59E-B73EABEA9435}
		{59AA2499-2621-478C-8171-3EF417759CC8} = {45A99973-6727-41A6-90C5-C84CE2DD1452}
		{28A64093-FD35-47F6-A83C-FA47FC1AB1D8} = {45A99973-6727-41A6-90C5-C84CE2DD1452}
	EndGlobalSection
	GlobalSection(ExtensibilityGlobals) = postSolution
		SolutionGuid = {37BB08C1-74A5-42EE-BF4C-86BDE7162392}
	EndGlobalSection
EndGlobal
